
Microsoft Visual Studio Solution File, Format Version 12.00
# Visual Studio Version 17
VisualStudioVersion = 17.8.34322.80
MinimumVisualStudioVersion = 10.0.40219.1
Project("{FAE04EC0-301F-11D3-BF4B-00C04F79EFBC}") = "AirBnB.Api", "AirBnB.Api\AirBnB.Api.csproj", "{79481132-2459-4D1F-8001-FAEA0094BC88}"
EndProject
Project("{FAE04EC0-301F-11D3-BF4B-00C04F79EFBC}") = "AirBnB.Domain", "AirBnB.Domain\AirBnB.Domain.csproj", "{23CF3A68-6C96-4BA8-B5F5-711B1813A3B6}"
EndProject
Project("{FAE04EC0-301F-11D3-BF4B-00C04F79EFBC}") = "AirBnB.Application", "AirBnB.Application\AirBnB.Application.csproj", "{76A5DB3C-1B0E-4BD9-A2B8-561445709768}"
EndProject
Project("{FAE04EC0-301F-11D3-BF4B-00C04F79EFBC}") = "AirBnB.Infrastructure", "AirBnB.Infrastructure\AirBnB.Infrastructure.csproj", "{7F2D0795-1C96-49A9-89B3-8FCF1DF30B22}"
EndProject
Project("{FAE04EC0-301F-11D3-BF4B-00C04F79EFBC}") = "AirBnB.Persistence", "AirBnB.Persistence\AirBnB.Persistence.csproj", "{17096447-A86F-4734-B969-CAE71C11C7E2}"
EndProject
Global
	GlobalSection(SolutionConfigurationPlatforms) = preSolution
		Debug|Any CPU = Debug|Any CPU
		Release|Any CPU = Release|Any CPU
	EndGlobalSection
	GlobalSection(ProjectConfigurationPlatforms) = postSolution
		{79481132-2459-4D1F-8001-FAEA0094BC88}.Debug|Any CPU.ActiveCfg = Debug|Any CPU
		{79481132-2459-4D1F-8001-FAEA0094BC88}.Debug|Any CPU.Build.0 = Debug|Any CPU
		{79481132-2459-4D1F-8001-FAEA0094BC88}.Release|Any CPU.ActiveCfg = Release|Any CPU
		{79481132-2459-4D1F-8001-FAEA0094BC88}.Release|Any CPU.Build.0 = Release|Any CPU
		{23CF3A68-6C96-4BA8-B5F5-711B1813A3B6}.Debug|Any CPU.ActiveCfg = Debug|Any CPU
		{23CF3A68-6C96-4BA8-B5F5-711B1813A3B6}.Debug|Any CPU.Build.0 = Debug|Any CPU
		{23CF3A68-6C96-4BA8-B5F5-711B1813A3B6}.Release|Any CPU.ActiveCfg = Release|Any CPU
		{23CF3A68-6C96-4BA8-B5F5-711B1813A3B6}.Release|Any CPU.Build.0 = Release|Any CPU
		{76A5DB3C-1B0E-4BD9-A2B8-561445709768}.Debug|Any CPU.ActiveCfg = Debug|Any CPU
		{76A5DB3C-1B0E-4BD9-A2B8-561445709768}.Debug|Any CPU.Build.0 = Debug|Any CPU
		{76A5DB3C-1B0E-4BD9-A2B8-561445709768}.Release|Any CPU.ActiveCfg = Release|Any CPU
		{76A5DB3C-1B0E-4BD9-A2B8-561445709768}.Release|Any CPU.Build.0 = Release|Any CPU
		{7F2D0795-1C96-49A9-89B3-8FCF1DF30B22}.Debug|Any CPU.ActiveCfg = Debug|Any CPU
		{7F2D0795-1C96-49A9-89B3-8FCF1DF30B22}.Debug|Any CPU.Build.0 = Debug|Any CPU
		{7F2D0795-1C96-49A9-89B3-8FCF1DF30B22}.Release|Any CPU.ActiveCfg = Release|Any CPU
		{7F2D0795-1C96-49A9-89B3-8FCF1DF30B22}.Release|Any CPU.Build.0 = Release|Any CPU
		{17096447-A86F-4734-B969-CAE71C11C7E2}.Debug|Any CPU.ActiveCfg = Debug|Any CPU
		{17096447-A86F-4734-B969-CAE71C11C7E2}.Debug|Any CPU.Build.0 = Debug|Any CPU
		{17096447-A86F-4734-B969-CAE71C11C7E2}.Release|Any CPU.ActiveCfg = Release|Any CPU
		{17096447-A86F-4734-B969-CAE71C11C7E2}.Release|Any CPU.Build.0 = Release|Any CPU
	EndGlobalSection
	GlobalSection(SolutionProperties) = preSolution
		HideSolutionNode = FALSE
	EndGlobalSection
	GlobalSection(ExtensibilityGlobals) = postSolution
		SolutionGuid = {210EEBCF-B155-401C-AE53-3677DB7D3223}
	EndGlobalSection
EndGlobal
